
Microsoft Visual Studio Solution File, Format Version 12.00
# Visual Studio Version 16
VisualStudioVersion = 25.0.1705.3
MinimumVisualStudioVersion = 10.0.40219.1
Project("{FAE04EC0-301F-11D3-BF4B-00C04F79EFBC}") = "CashCrewAPI", "CashCrewAPI\CashCrewAPI.csproj", "{DFE544DA-125B-4739-9127-1233605913E5}"
EndProject
Global
	GlobalSection(SolutionConfigurationPlatforms) = preSolution
		Debug|Any CPU = Debug|Any CPU
		Release|Any CPU = Release|Any CPU
	EndGlobalSection
	GlobalSection(ProjectConfigurationPlatforms) = postSolution
		{DFE544DA-125B-4739-9127-1233605913E5}.Debug|Any CPU.ActiveCfg = Debug|Any CPU
		{DFE544DA-125B-4739-9127-1233605913E5}.Debug|Any CPU.Build.0 = Debug|Any CPU
		{DFE544DA-125B-4739-9127-1233605913E5}.Release|Any CPU.ActiveCfg = Release|Any CPU
		{DFE544DA-125B-4739-9127-1233605913E5}.Release|Any CPU.Build.0 = Release|Any CPU
	EndGlobalSection
	GlobalSection(SolutionProperties) = preSolution
		HideSolutionNode = FALSE
	EndGlobalSection
	GlobalSection(ExtensibilityGlobals) = postSolution
		SolutionGuid = {DC1D6D9B-8CF2-4716-A26D-CF006246943C}
	EndGlobalSection
EndGlobal
